
Microsoft Visual Studio Solution File, Format Version 12.00
# Visual Studio Version 17
VisualStudioVersion = 17.9.34701.34
MinimumVisualStudioVersion = 10.0.40219.1
Project("{FAE04EC0-301F-11D3-BF4B-00C04F79EFBC}") = "Workaround", "Workaround\Workaround.csproj", "{4E97D03D-A5DE-42A0-A32F-38CF48C37FE6}"
EndProject
Project("{FAE04EC0-301F-11D3-BF4B-00C04F79EFBC}") = "Entities", "Entities\Entities.csproj", "{830C0AF7-FFF1-40CA-BF3F-D3508A737408}"
EndProject
Project("{FAE04EC0-301F-11D3-BF4B-00C04F79EFBC}") = "Business", "Business\Business.csproj", "{00B0B0D3-2912-425E-80A1-D3DC56EA9DB4}"
EndProject
Global
	GlobalSection(SolutionConfigurationPlatforms) = preSolution
		Debug|Any CPU = Debug|Any CPU
		Release|Any CPU = Release|Any CPU
	EndGlobalSection
	GlobalSection(ProjectConfigurationPlatforms) = postSolution
		{4E97D03D-A5DE-42A0-A32F-38CF48C37FE6}.Debug|Any CPU.ActiveCfg = Debug|Any CPU
		{4E97D03D-A5DE-42A0-A32F-38CF48C37FE6}.Debug|Any CPU.Build.0 = Debug|Any CPU
		{4E97D03D-A5DE-42A0-A32F-38CF48C37FE6}.Release|Any CPU.ActiveCfg = Release|Any CPU
		{4E97D03D-A5DE-42A0-A32F-38CF48C37FE6}.Release|Any CPU.Build.0 = Release|Any CPU
		{830C0AF7-FFF1-40CA-BF3F-D3508A737408}.Debug|Any CPU.ActiveCfg = Debug|Any CPU
		{830C0AF7-FFF1-40CA-BF3F-D3508A737408}.Debug|Any CPU.Build.0 = Debug|Any CPU
		{830C0AF7-FFF1-40CA-BF3F-D3508A737408}.Release|Any CPU.ActiveCfg = Release|Any CPU
		{830C0AF7-FFF1-40CA-BF3F-D3508A737408}.Release|Any CPU.Build.0 = Release|Any CPU
		{00B0B0D3-2912-425E-80A1-D3DC56EA9DB4}.Debug|Any CPU.ActiveCfg = Debug|Any CPU
		{00B0B0D3-2912-425E-80A1-D3DC56EA9DB4}.Debug|Any CPU.Build.0 = Debug|Any CPU
		{00B0B0D3-2912-425E-80A1-D3DC56EA9DB4}.Release|Any CPU.ActiveCfg = Release|Any CPU
		{00B0B0D3-2912-425E-80A1-D3DC56EA9DB4}.Release|Any CPU.Build.0 = Release|Any CPU
	EndGlobalSection
	GlobalSection(SolutionProperties) = preSolution
		HideSolutionNode = FALSE
	EndGlobalSection
	GlobalSection(ExtensibilityGlobals) = postSolution
		SolutionGuid = {B48585F4-1D9B-4A76-8EE9-1B2EF34760B9}
	EndGlobalSection
EndGlobal
